
Microsoft Visual Studio Solution File, Format Version 12.00
# Visual Studio 15
Project("{FAE04EC0-301F-11D3-BF4B-00C04F79EFBC}") = "Assembly-CSharp", "Assembly-CSharp.csproj", "{789AFE29-C8B8-9A8A-CB57-1210801B4521}"
EndProject
Project("{FAE04EC0-301F-11D3-BF4B-00C04F79EFBC}") = "Assembly-CSharp-Editor", "Assembly-CSharp-Editor.csproj", "{80735688-9CCA-9F31-7514-E94901F1DF48}"
EndProject
Global
	GlobalSection(SolutionConfigurationPlatforms) = preSolution
		Debug|Any CPU = Debug|Any CPU
		Release|Any CPU = Release|Any CPU
	EndGlobalSection
	GlobalSection(ProjectConfigurationPlatforms) = postSolution
		{789AFE29-C8B8-9A8A-CB57-1210801B4521}.Debug|Any CPU.ActiveCfg = Debug|Any CPU
		{789AFE29-C8B8-9A8A-CB57-1210801B4521}.Debug|Any CPU.Build.0 = Debug|Any CPU
		{789AFE29-C8B8-9A8A-CB57-1210801B4521}.Release|Any CPU.ActiveCfg = Release|Any CPU
		{789AFE29-C8B8-9A8A-CB57-1210801B4521}.Release|Any CPU.Build.0 = Release|Any CPU
		{80735688-9CCA-9F31-7514-E94901F1DF48}.Debug|Any CPU.ActiveCfg = Debug|Any CPU
		{80735688-9CCA-9F31-7514-E94901F1DF48}.Debug|Any CPU.Build.0 = Debug|Any CPU
		{80735688-9CCA-9F31-7514-E94901F1DF48}.Release|Any CPU.ActiveCfg = Release|Any CPU
		{80735688-9CCA-9F31-7514-E94901F1DF48}.Release|Any CPU.Build.0 = Release|Any CPU
	EndGlobalSection
	GlobalSection(SolutionProperties) = preSolution
		HideSolutionNode = FALSE
	EndGlobalSection
EndGlobal
